
Microsoft Visual Studio Solution File, Format Version 12.00
# Visual Studio 15
VisualStudioVersion = 15.0.26730.12
MinimumVisualStudioVersion = 10.0.40219.1
Project("{FAE04EC0-301F-11D3-BF4B-00C04F79EFBC}") = "rekenmachine", "rekenmachine\rekenmachine.csproj", "{78443D43-073D-47A1-8471-5FA7305D540A}"
EndProject
Global
	GlobalSection(SolutionConfigurationPlatforms) = preSolution
		Debug|Any CPU = Debug|Any CPU
		Release|Any CPU = Release|Any CPU
	EndGlobalSection
	GlobalSection(ProjectConfigurationPlatforms) = postSolution
		{78443D43-073D-47A1-8471-5FA7305D540A}.Debug|Any CPU.ActiveCfg = Debug|Any CPU
		{78443D43-073D-47A1-8471-5FA7305D540A}.Debug|Any CPU.Build.0 = Debug|Any CPU
		{78443D43-073D-47A1-8471-5FA7305D540A}.Release|Any CPU.ActiveCfg = Release|Any CPU
		{78443D43-073D-47A1-8471-5FA7305D540A}.Release|Any CPU.Build.0 = Release|Any CPU
	EndGlobalSection
	GlobalSection(SolutionProperties) = preSolution
		HideSolutionNode = FALSE
	EndGlobalSection
	GlobalSection(ExtensibilityGlobals) = postSolution
		SolutionGuid = {11F90718-7112-47A4-8317-07CFBB7E62BD}
	EndGlobalSection
EndGlobal
